
Microsoft Visual Studio Solution File, Format Version 12.00
# Visual Studio 2013
VisualStudioVersion = 12.0.31101.0
MinimumVisualStudioVersion = 10.0.40219.1
Project("{F2A71F9B-5D33-465A-A702-920D77279786}") = "DinoScience", "DinoScience.fsproj", "{74845FEF-6814-446A-8322-757C8DA1B3C3}"
EndProject
Project("{F2A71F9B-5D33-465A-A702-920D77279786}") = "DinoScience.Tests", "..\OctoScientist.Tests\DinoScience.Tests.fsproj", "{27E8B7AD-BAA2-47BF-BD03-6DD952FEE1DE}"
EndProject
Global
	GlobalSection(SolutionConfigurationPlatforms) = preSolution
		Debug|Any CPU = Debug|Any CPU
		Release|Any CPU = Release|Any CPU
	EndGlobalSection
	GlobalSection(ProjectConfigurationPlatforms) = postSolution
		{74845FEF-6814-446A-8322-757C8DA1B3C3}.Debug|Any CPU.ActiveCfg = Debug|Any CPU
		{74845FEF-6814-446A-8322-757C8DA1B3C3}.Debug|Any CPU.Build.0 = Debug|Any CPU
		{74845FEF-6814-446A-8322-757C8DA1B3C3}.Release|Any CPU.ActiveCfg = Release|Any CPU
		{74845FEF-6814-446A-8322-757C8DA1B3C3}.Release|Any CPU.Build.0 = Release|Any CPU
		{27E8B7AD-BAA2-47BF-BD03-6DD952FEE1DE}.Debug|Any CPU.ActiveCfg = Debug|Any CPU
		{27E8B7AD-BAA2-47BF-BD03-6DD952FEE1DE}.Debug|Any CPU.Build.0 = Debug|Any CPU
		{27E8B7AD-BAA2-47BF-BD03-6DD952FEE1DE}.Release|Any CPU.ActiveCfg = Release|Any CPU
		{27E8B7AD-BAA2-47BF-BD03-6DD952FEE1DE}.Release|Any CPU.Build.0 = Release|Any CPU
	EndGlobalSection
	GlobalSection(SolutionProperties) = preSolution
		HideSolutionNode = FALSE
	EndGlobalSection
EndGlobal
